// !$*UTF8*$!
{
	archiveVersion = 1;
	classes = {
	};
	objectVersion = 55;
	objects = {

/* Begin PBXBuildFile section */
		646DFBE22815B2AA00DA1793 /* main.cpp in Sources */ = {isa = PBXBuildFile; fileRef = 646DFBE12815B2AA00DA1793 /* main.cpp */; };
		646DFBEA2815B2E300DA1793 /* image.cpp in Sources */ = {isa = PBXBuildFile; fileRef = 646DFBE82815B2E300DA1793 /* image.cpp */; };
		646DFBED2815DA7400DA1793 /* texmap.cpp in Sources */ = {isa = PBXBuildFile; fileRef = 646DFBEB2815DA7400DA1793 /* texmap.cpp */; };
		646DFBF02815DAE600DA1793 /* ultima_types.cpp in Sources */ = {isa = PBXBuildFile; fileRef = 646DFBEE2815DAE600DA1793 /* ultima_types.cpp */; };
		646DFBF3281615F300DA1793 /* artwork.cpp in Sources */ = {isa = PBXBuildFile; fileRef = 646DFBF1281615F300DA1793 /* artwork.cpp */; };
		646DFBF628161A2400DA1793 /* uopfile.cpp in Sources */ = {isa = PBXBuildFile; fileRef = 646DFBF428161A2400DA1793 /* uopfile.cpp */; };
		646DFBF92816B72700DA1793 /* libz.tbd in Frameworks */ = {isa = PBXBuildFile; fileRef = 646DFBF82816B71D00DA1793 /* libz.tbd */; };
		646DFBFC2816E44C00DA1793 /* gumpart.cpp in Sources */ = {isa = PBXBuildFile; fileRef = 646DFBFA2816E44C00DA1793 /* gumpart.cpp */; };
		646DFBFF2817063500DA1793 /* radarcolor.cpp in Sources */ = {isa = PBXBuildFile; fileRef = 646DFBFD2817063500DA1793 /* radarcolor.cpp */; };
		646DFC0228170ADE00DA1793 /* tileinfo.cpp in Sources */ = {isa = PBXBuildFile; fileRef = 646DFC0028170ADE00DA1793 /* tileinfo.cpp */; };
		646DFC0528172AE100DA1793 /* terrainblock.cpp in Sources */ = {isa = PBXBuildFile; fileRef = 646DFC0328172AE100DA1793 /* terrainblock.cpp */; };
		646DFC0828173F8100DA1793 /* uomap.cpp in Sources */ = {isa = PBXBuildFile; fileRef = 646DFC0628173F8100DA1793 /* uomap.cpp */; };
		646DFC0B28183F9300DA1793 /* artblock.cpp in Sources */ = {isa = PBXBuildFile; fileRef = 646DFC0928183F9300DA1793 /* artblock.cpp */; };
		646DFC0E2818793800DA1793 /* multicollection.cpp in Sources */ = {isa = PBXBuildFile; fileRef = 646DFC0C2818793800DA1793 /* multicollection.cpp */; };
		646DFC11281899BB00DA1793 /* lightmask.cpp in Sources */ = {isa = PBXBuildFile; fileRef = 646DFC0F281899BB00DA1793 /* lightmask.cpp */; };
		646DFC142818BFC300DA1793 /* animation.cpp in Sources */ = {isa = PBXBuildFile; fileRef = 646DFC122818BFC300DA1793 /* animation.cpp */; };
		646DFC172819582600DA1793 /* huedata.cpp in Sources */ = {isa = PBXBuildFile; fileRef = 646DFC152819582600DA1793 /* huedata.cpp */; };
/* End PBXBuildFile section */

/* Begin PBXCopyFilesBuildPhase section */
		646DFBDC2815B2AA00DA1793 /* CopyFiles */ = {
			isa = PBXCopyFilesBuildPhase;
			buildActionMask = 2147483647;
			dstPath = /usr/share/man/man1/;
			dstSubfolderSpec = 0;
			files = (
			);
			runOnlyForDeploymentPostprocessing = 1;
		};
/* End PBXCopyFilesBuildPhase section */

/* Begin PBXFileReference section */
		646DFBDE2815B2AA00DA1793 /* ultima */ = {isa = PBXFileReference; explicitFileType = "compiled.mach-o.executable"; includeInIndex = 0; path = ultima; sourceTree = BUILT_PRODUCTS_DIR; };
		646DFBE12815B2AA00DA1793 /* main.cpp */ = {isa = PBXFileReference; lastKnownFileType = sourcecode.cpp.cpp; path = main.cpp; sourceTree = "<group>"; };
		646DFBE82815B2E300DA1793 /* image.cpp */ = {isa = PBXFileReference; lastKnownFileType = sourcecode.cpp.cpp; path = image.cpp; sourceTree = "<group>"; };
		646DFBE92815B2E300DA1793 /* image.hpp */ = {isa = PBXFileReference; lastKnownFileType = sourcecode.cpp.h; path = image.hpp; sourceTree = "<group>"; };
		646DFBEB2815DA7400DA1793 /* texmap.cpp */ = {isa = PBXFileReference; lastKnownFileType = sourcecode.cpp.cpp; path = texmap.cpp; sourceTree = "<group>"; };
		646DFBEC2815DA7400DA1793 /* texmap.hpp */ = {isa = PBXFileReference; lastKnownFileType = sourcecode.cpp.h; path = texmap.hpp; sourceTree = "<group>"; };
		646DFBEE2815DAE600DA1793 /* ultima_types.cpp */ = {isa = PBXFileReference; lastKnownFileType = sourcecode.cpp.cpp; path = ultima_types.cpp; sourceTree = "<group>"; };
		646DFBEF2815DAE600DA1793 /* ultima_types.hpp */ = {isa = PBXFileReference; lastKnownFileType = sourcecode.cpp.h; path = ultima_types.hpp; sourceTree = "<group>"; };
		646DFBF1281615F300DA1793 /* artwork.cpp */ = {isa = PBXFileReference; lastKnownFileType = sourcecode.cpp.cpp; path = artwork.cpp; sourceTree = "<group>"; };
		646DFBF2281615F300DA1793 /* artwork.hpp */ = {isa = PBXFileReference; lastKnownFileType = sourcecode.cpp.h; path = artwork.hpp; sourceTree = "<group>"; };
		646DFBF428161A2400DA1793 /* uopfile.cpp */ = {isa = PBXFileReference; fileEncoding = 4; lastKnownFileType = sourcecode.cpp.cpp; path = uopfile.cpp; sourceTree = "<group>"; };
		646DFBF528161A2400DA1793 /* uopfile.hpp */ = {isa = PBXFileReference; fileEncoding = 4; lastKnownFileType = sourcecode.cpp.h; path = uopfile.hpp; sourceTree = "<group>"; };
		646DFBF82816B71D00DA1793 /* libz.tbd */ = {isa = PBXFileReference; lastKnownFileType = "sourcecode.text-based-dylib-definition"; name = libz.tbd; path = usr/lib/libz.tbd; sourceTree = SDKROOT; };
		646DFBFA2816E44C00DA1793 /* gumpart.cpp */ = {isa = PBXFileReference; lastKnownFileType = sourcecode.cpp.cpp; path = gumpart.cpp; sourceTree = "<group>"; };
		646DFBFB2816E44C00DA1793 /* gumpart.hpp */ = {isa = PBXFileReference; lastKnownFileType = sourcecode.cpp.h; path = gumpart.hpp; sourceTree = "<group>"; };
		646DFBFD2817063500DA1793 /* radarcolor.cpp */ = {isa = PBXFileReference; lastKnownFileType = sourcecode.cpp.cpp; path = radarcolor.cpp; sourceTree = "<group>"; };
		646DFBFE2817063500DA1793 /* radarcolor.hpp */ = {isa = PBXFileReference; lastKnownFileType = sourcecode.cpp.h; path = radarcolor.hpp; sourceTree = "<group>"; };
		646DFC0028170ADE00DA1793 /* tileinfo.cpp */ = {isa = PBXFileReference; lastKnownFileType = sourcecode.cpp.cpp; path = tileinfo.cpp; sourceTree = "<group>"; };
		646DFC0128170ADE00DA1793 /* tileinfo.hpp */ = {isa = PBXFileReference; lastKnownFileType = sourcecode.cpp.h; path = tileinfo.hpp; sourceTree = "<group>"; };
		646DFC0328172AE100DA1793 /* terrainblock.cpp */ = {isa = PBXFileReference; lastKnownFileType = sourcecode.cpp.cpp; path = terrainblock.cpp; sourceTree = "<group>"; };
		646DFC0428172AE100DA1793 /* terrainblock.hpp */ = {isa = PBXFileReference; lastKnownFileType = sourcecode.cpp.h; path = terrainblock.hpp; sourceTree = "<group>"; };
		646DFC0628173F8100DA1793 /* uomap.cpp */ = {isa = PBXFileReference; lastKnownFileType = sourcecode.cpp.cpp; path = uomap.cpp; sourceTree = "<group>"; };
		646DFC0728173F8100DA1793 /* uomap.hpp */ = {isa = PBXFileReference; lastKnownFileType = sourcecode.cpp.h; path = uomap.hpp; sourceTree = "<group>"; };
		646DFC0928183F9300DA1793 /* artblock.cpp */ = {isa = PBXFileReference; lastKnownFileType = sourcecode.cpp.cpp; path = artblock.cpp; sourceTree = "<group>"; };
		646DFC0A28183F9300DA1793 /* artblock.hpp */ = {isa = PBXFileReference; lastKnownFileType = sourcecode.cpp.h; path = artblock.hpp; sourceTree = "<group>"; };
		646DFC0C2818793800DA1793 /* multicollection.cpp */ = {isa = PBXFileReference; lastKnownFileType = sourcecode.cpp.cpp; path = multicollection.cpp; sourceTree = "<group>"; };
		646DFC0D2818793800DA1793 /* multicollection.hpp */ = {isa = PBXFileReference; lastKnownFileType = sourcecode.cpp.h; path = multicollection.hpp; sourceTree = "<group>"; };
		646DFC0F281899BB00DA1793 /* lightmask.cpp */ = {isa = PBXFileReference; lastKnownFileType = sourcecode.cpp.cpp; path = lightmask.cpp; sourceTree = "<group>"; };
		646DFC10281899BB00DA1793 /* lightmask.hpp */ = {isa = PBXFileReference; lastKnownFileType = sourcecode.cpp.h; path = lightmask.hpp; sourceTree = "<group>"; };
		646DFC122818BFC300DA1793 /* animation.cpp */ = {isa = PBXFileReference; lastKnownFileType = sourcecode.cpp.cpp; path = animation.cpp; sourceTree = "<group>"; };
		646DFC132818BFC300DA1793 /* animation.hpp */ = {isa = PBXFileReference; lastKnownFileType = sourcecode.cpp.h; path = animation.hpp; sourceTree = "<group>"; };
		646DFC152819582600DA1793 /* huedata.cpp */ = {isa = PBXFileReference; lastKnownFileType = sourcecode.cpp.cpp; path = huedata.cpp; sourceTree = "<group>"; };
		646DFC162819582600DA1793 /* huedata.hpp */ = {isa = PBXFileReference; lastKnownFileType = sourcecode.cpp.h; path = huedata.hpp; sourceTree = "<group>"; };
		646DFC182819A32800DA1793 /* .gitignore */ = {isa = PBXFileReference; fileEncoding = 4; lastKnownFileType = text; path = .gitignore; sourceTree = "<group>"; };
/* End PBXFileReference section */

/* Begin PBXFrameworksBuildPhase section */
		646DFBDB2815B2AA00DA1793 /* Frameworks */ = {
			isa = PBXFrameworksBuildPhase;
			buildActionMask = 2147483647;
			files = (
				646DFBF92816B72700DA1793 /* libz.tbd in Frameworks */,
			);
			runOnlyForDeploymentPostprocessing = 0;
		};
/* End PBXFrameworksBuildPhase section */

/* Begin PBXGroup section */
		646DFBD52815B2AA00DA1793 = {
			isa = PBXGroup;
			children = (
				646DFC182819A32800DA1793 /* .gitignore */,
				646DFBE02815B2AA00DA1793 /* ultima */,
				646DFBDF2815B2AA00DA1793 /* Products */,
				646DFBF72816B71D00DA1793 /* Frameworks */,
			);
			sourceTree = "<group>";
		};
		646DFBDF2815B2AA00DA1793 /* Products */ = {
			isa = PBXGroup;
			children = (
				646DFBDE2815B2AA00DA1793 /* ultima */,
			);
			name = Products;
			sourceTree = "<group>";
		};
		646DFBE02815B2AA00DA1793 /* ultima */ = {
			isa = PBXGroup;
			children = (
				646DFBE12815B2AA00DA1793 /* main.cpp */,
				646DFBF428161A2400DA1793 /* uopfile.cpp */,
				646DFBF528161A2400DA1793 /* uopfile.hpp */,
				646DFBE82815B2E300DA1793 /* image.cpp */,
				646DFBE92815B2E300DA1793 /* image.hpp */,
				646DFBEB2815DA7400DA1793 /* texmap.cpp */,
				646DFBEC2815DA7400DA1793 /* texmap.hpp */,
				646DFBF1281615F300DA1793 /* artwork.cpp */,
				646DFBF2281615F300DA1793 /* artwork.hpp */,
				646DFBEE2815DAE600DA1793 /* ultima_types.cpp */,
				646DFBEF2815DAE600DA1793 /* ultima_types.hpp */,
				646DFBFA2816E44C00DA1793 /* gumpart.cpp */,
				646DFBFB2816E44C00DA1793 /* gumpart.hpp */,
				646DFBFD2817063500DA1793 /* radarcolor.cpp */,
				646DFBFE2817063500DA1793 /* radarcolor.hpp */,
				646DFC0028170ADE00DA1793 /* tileinfo.cpp */,
				646DFC0128170ADE00DA1793 /* tileinfo.hpp */,
				646DFC0328172AE100DA1793 /* terrainblock.cpp */,
				646DFC0428172AE100DA1793 /* terrainblock.hpp */,
				646DFC0928183F9300DA1793 /* artblock.cpp */,
				646DFC0A28183F9300DA1793 /* artblock.hpp */,
				646DFC0628173F8100DA1793 /* uomap.cpp */,
				646DFC0728173F8100DA1793 /* uomap.hpp */,
				646DFC0C2818793800DA1793 /* multicollection.cpp */,
				646DFC0D2818793800DA1793 /* multicollection.hpp */,
				646DFC0F281899BB00DA1793 /* lightmask.cpp */,
				646DFC10281899BB00DA1793 /* lightmask.hpp */,
				646DFC122818BFC300DA1793 /* animation.cpp */,
				646DFC132818BFC300DA1793 /* animation.hpp */,
				646DFC152819582600DA1793 /* huedata.cpp */,
				646DFC162819582600DA1793 /* huedata.hpp */,
			);
			path = ultima;
			sourceTree = "<group>";
		};
		646DFBF72816B71D00DA1793 /* Frameworks */ = {
			isa = PBXGroup;
			children = (
				646DFBF82816B71D00DA1793 /* libz.tbd */,
			);
			name = Frameworks;
			sourceTree = "<group>";
		};
/* End PBXGroup section */

/* Begin PBXNativeTarget section */
		646DFBDD2815B2AA00DA1793 /* ultima */ = {
			isa = PBXNativeTarget;
			buildConfigurationList = 646DFBE52815B2AA00DA1793 /* Build configuration list for PBXNativeTarget "ultima" */;
			buildPhases = (
				646DFBDA2815B2AA00DA1793 /* Sources */,
				646DFBDB2815B2AA00DA1793 /* Frameworks */,
				646DFBDC2815B2AA00DA1793 /* CopyFiles */,
			);
			buildRules = (
			);
			dependencies = (
			);
			name = ultima;
			productName = ultima;
			productReference = 646DFBDE2815B2AA00DA1793 /* ultima */;
			productType = "com.apple.product-type.tool";
		};
/* End PBXNativeTarget section */

/* Begin PBXProject section */
		646DFBD62815B2AA00DA1793 /* Project object */ = {
			isa = PBXProject;
			attributes = {
				BuildIndependentTargetsInParallel = 1;
				LastUpgradeCheck = 1330;
				ORGANIZATIONNAME = "Charles Kerr";
				TargetAttributes = {
					646DFBDD2815B2AA00DA1793 = {
						CreatedOnToolsVersion = 13.3.1;
					};
				};
			};
			buildConfigurationList = 646DFBD92815B2AA00DA1793 /* Build configuration list for PBXProject "ultima" */;
			compatibilityVersion = "Xcode 13.0";
			developmentRegion = en;
			hasScannedForEncodings = 0;
			knownRegions = (
				en,
				Base,
			);
			mainGroup = 646DFBD52815B2AA00DA1793;
			productRefGroup = 646DFBDF2815B2AA00DA1793 /* Products */;
			projectDirPath = "";
			projectRoot = "";
			targets = (
				646DFBDD2815B2AA00DA1793 /* ultima */,
			);
		};
/* End PBXProject section */

/* Begin PBXSourcesBuildPhase section */
		646DFBDA2815B2AA00DA1793 /* Sources */ = {
			isa = PBXSourcesBuildPhase;
			buildActionMask = 2147483647;
			files = (
				646DFBFF2817063500DA1793 /* radarcolor.cpp in Sources */,
				646DFC142818BFC300DA1793 /* animation.cpp in Sources */,
				646DFC0E2818793800DA1793 /* multicollection.cpp in Sources */,
				646DFC0228170ADE00DA1793 /* tileinfo.cpp in Sources */,
				646DFBE22815B2AA00DA1793 /* main.cpp in Sources */,
				646DFBFC2816E44C00DA1793 /* gumpart.cpp in Sources */,
				646DFBF02815DAE600DA1793 /* ultima_types.cpp in Sources */,
				646DFBF628161A2400DA1793 /* uopfile.cpp in Sources */,
				646DFC172819582600DA1793 /* huedata.cpp in Sources */,
				646DFBF3281615F300DA1793 /* artwork.cpp in Sources */,
				646DFC0B28183F9300DA1793 /* artblock.cpp in Sources */,
				646DFC0528172AE100DA1793 /* terrainblock.cpp in Sources */,
				646DFC0828173F8100DA1793 /* uomap.cpp in Sources */,
				646DFBEA2815B2E300DA1793 /* image.cpp in Sources */,
				646DFC11281899BB00DA1793 /* lightmask.cpp in Sources */,
				646DFBED2815DA7400DA1793 /* texmap.cpp in Sources */,
			);
			runOnlyForDeploymentPostprocessing = 0;
		};
/* End PBXSourcesBuildPhase section */

/* Begin XCBuildConfiguration section */
		646DFBE32815B2AA00DA1793 /* Debug */ = {
			isa = XCBuildConfiguration;
			buildSettings = {
				ALWAYS_SEARCH_USER_PATHS = NO;
				CLANG_ANALYZER_NONNULL = YES;
				CLANG_ANALYZER_NUMBER_OBJECT_CONVERSION = YES_AGGRESSIVE;
				CLANG_CXX_LANGUAGE_STANDARD = "gnu++17";
				CLANG_ENABLE_MODULES = YES;
				CLANG_ENABLE_OBJC_ARC = YES;
				CLANG_ENABLE_OBJC_WEAK = YES;
				CLANG_WARN_BLOCK_CAPTURE_AUTORELEASING = YES;
				CLANG_WARN_BOOL_CONVERSION = YES;
				CLANG_WARN_COMMA = YES;
				CLANG_WARN_CONSTANT_CONVERSION = YES;
				CLANG_WARN_DEPRECATED_OBJC_IMPLEMENTATIONS = YES;
				CLANG_WARN_DIRECT_OBJC_ISA_USAGE = YES_ERROR;
				CLANG_WARN_DOCUMENTATION_COMMENTS = YES;
				CLANG_WARN_EMPTY_BODY = YES;
				CLANG_WARN_ENUM_CONVERSION = YES;
				CLANG_WARN_INFINITE_RECURSION = YES;
				CLANG_WARN_INT_CONVERSION = YES;
				CLANG_WARN_NON_LITERAL_NULL_CONVERSION = YES;
				CLANG_WARN_OBJC_IMPLICIT_RETAIN_SELF = YES;
				CLANG_WARN_OBJC_LITERAL_CONVERSION = YES;
				CLANG_WARN_OBJC_ROOT_CLASS = YES_ERROR;
				CLANG_WARN_QUOTED_INCLUDE_IN_FRAMEWORK_HEADER = YES;
				CLANG_WARN_RANGE_LOOP_ANALYSIS = YES;
				CLANG_WARN_STRICT_PROTOTYPES = YES;
				CLANG_WARN_SUSPICIOUS_MOVE = YES;
				CLANG_WARN_UNGUARDED_AVAILABILITY = YES_AGGRESSIVE;
				CLANG_WARN_UNREACHABLE_CODE = YES;
				CLANG_WARN__DUPLICATE_METHOD_MATCH = YES;
				COPY_PHASE_STRIP = NO;
				DEBUG_INFORMATION_FORMAT = dwarf;
				ENABLE_STRICT_OBJC_MSGSEND = YES;
				ENABLE_TESTABILITY = YES;
				GCC_C_LANGUAGE_STANDARD = gnu11;
				GCC_DYNAMIC_NO_PIC = NO;
				GCC_NO_COMMON_BLOCKS = YES;
				GCC_OPTIMIZATION_LEVEL = 0;
				GCC_PREPROCESSOR_DEFINITIONS = (
					"DEBUG=1",
					"$(inherited)",
				);
				GCC_WARN_64_TO_32_BIT_CONVERSION = YES;
				GCC_WARN_ABOUT_RETURN_TYPE = YES_ERROR;
				GCC_WARN_UNDECLARED_SELECTOR = YES;
				GCC_WARN_UNINITIALIZED_AUTOS = YES_AGGRESSIVE;
				GCC_WARN_UNUSED_FUNCTION = YES;
				GCC_WARN_UNUSED_VARIABLE = YES;
				MACOSX_DEPLOYMENT_TARGET = 12.3;
				MTL_ENABLE_DEBUG_INFO = INCLUDE_SOURCE;
				MTL_FAST_MATH = YES;
				ONLY_ACTIVE_ARCH = YES;
				SDKROOT = macosx;
			};
			name = Debug;
		};
		646DFBE42815B2AA00DA1793 /* Release */ = {
			isa = XCBuildConfiguration;
			buildSettings = {
				ALWAYS_SEARCH_USER_PATHS = NO;
				CLANG_ANALYZER_NONNULL = YES;
				CLANG_ANALYZER_NUMBER_OBJECT_CONVERSION = YES_AGGRESSIVE;
				CLANG_CXX_LANGUAGE_STANDARD = "gnu++17";
				CLANG_ENABLE_MODULES = YES;
				CLANG_ENABLE_OBJC_ARC = YES;
				CLANG_ENABLE_OBJC_WEAK = YES;
				CLANG_WARN_BLOCK_CAPTURE_AUTORELEASING = YES;
				CLANG_WARN_BOOL_CONVERSION = YES;
				CLANG_WARN_COMMA = YES;
				CLANG_WARN_CONSTANT_CONVERSION = YES;
				CLANG_WARN_DEPRECATED_OBJC_IMPLEMENTATIONS = YES;
				CLANG_WARN_DIRECT_OBJC_ISA_USAGE = YES_ERROR;
				CLANG_WARN_DOCUMENTATION_COMMENTS = YES;
				CLANG_WARN_EMPTY_BODY = YES;
				CLANG_WARN_ENUM_CONVERSION = YES;
				CLANG_WARN_INFINITE_RECURSION = YES;
				CLANG_WARN_INT_CONVERSION = YES;
				CLANG_WARN_NON_LITERAL_NULL_CONVERSION = YES;
				CLANG_WARN_OBJC_IMPLICIT_RETAIN_SELF = YES;
				CLANG_WARN_OBJC_LITERAL_CONVERSION = YES;
				CLANG_WARN_OBJC_ROOT_CLASS = YES_ERROR;
				CLANG_WARN_QUOTED_INCLUDE_IN_FRAMEWORK_HEADER = YES;
				CLANG_WARN_RANGE_LOOP_ANALYSIS = YES;
				CLANG_WARN_STRICT_PROTOTYPES = YES;
				CLANG_WARN_SUSPICIOUS_MOVE = YES;
				CLANG_WARN_UNGUARDED_AVAILABILITY = YES_AGGRESSIVE;
				CLANG_WARN_UNREACHABLE_CODE = YES;
				CLANG_WARN__DUPLICATE_METHOD_MATCH = YES;
				COPY_PHASE_STRIP = NO;
				DEBUG_INFORMATION_FORMAT = "dwarf-with-dsym";
				ENABLE_NS_ASSERTIONS = NO;
				ENABLE_STRICT_OBJC_MSGSEND = YES;
				GCC_C_LANGUAGE_STANDARD = gnu11;
				GCC_NO_COMMON_BLOCKS = YES;
				GCC_WARN_64_TO_32_BIT_CONVERSION = YES;
				GCC_WARN_ABOUT_RETURN_TYPE = YES_ERROR;
				GCC_WARN_UNDECLARED_SELECTOR = YES;
				GCC_WARN_UNINITIALIZED_AUTOS = YES_AGGRESSIVE;
				GCC_WARN_UNUSED_FUNCTION = YES;
				GCC_WARN_UNUSED_VARIABLE = YES;
				MACOSX_DEPLOYMENT_TARGET = 12.3;
				MTL_ENABLE_DEBUG_INFO = NO;
				MTL_FAST_MATH = YES;
				SDKROOT = macosx;
			};
			name = Release;
		};
		646DFBE62815B2AA00DA1793 /* Debug */ = {
			isa = XCBuildConfiguration;
			buildSettings = {
				CODE_SIGN_STYLE = Automatic;
				DEVELOPMENT_TEAM = CF264WE69M;
				ENABLE_HARDENED_RUNTIME = YES;
				PRODUCT_NAME = "$(TARGET_NAME)";
			};
			name = Debug;
		};
		646DFBE72815B2AA00DA1793 /* Release */ = {
			isa = XCBuildConfiguration;
			buildSettings = {
				CODE_SIGN_STYLE = Automatic;
				DEVELOPMENT_TEAM = CF264WE69M;
				ENABLE_HARDENED_RUNTIME = YES;
				PRODUCT_NAME = "$(TARGET_NAME)";
			};
			name = Release;
		};
/* End XCBuildConfiguration section */

/* Begin XCConfigurationList section */
		646DFBD92815B2AA00DA1793 /* Build configuration list for PBXProject "ultima" */ = {
			isa = XCConfigurationList;
			buildConfigurations = (
				646DFBE32815B2AA00DA1793 /* Debug */,
				646DFBE42815B2AA00DA1793 /* Release */,
			);
			defaultConfigurationIsVisible = 0;
			defaultConfigurationName = Release;
		};
		646DFBE52815B2AA00DA1793 /* Build configuration list for PBXNativeTarget "ultima" */ = {
			isa = XCConfigurationList;
			buildConfigurations = (
				646DFBE62815B2AA00DA1793 /* Debug */,
				646DFBE72815B2AA00DA1793 /* Release */,
			);
			defaultConfigurationIsVisible = 0;
			defaultConfigurationName = Release;
		};
/* End XCConfigurationList section */
	};
	rootObject = 646DFBD62815B2AA00DA1793 /* Project object */;
}
